
Microsoft Visual Studio Solution File, Format Version 12.00
# Visual Studio Version 17
VisualStudioVersion = 17.13.35828.75 d17.13
MinimumVisualStudioVersion = 10.0.40219.1
Project("{FAE04EC0-301F-11D3-BF4B-00C04F79EFBC}") = "L1_Zvejyba", "L1_Zvejyba.csproj", "{1F7617F2-7D23-48A6-B800-64CF0F3E578C}"
EndProject
Global
	GlobalSection(SolutionConfigurationPlatforms) = preSolution
		Debug|Any CPU = Debug|Any CPU
		Release|Any CPU = Release|Any CPU
	EndGlobalSection
	GlobalSection(ProjectConfigurationPlatforms) = postSolution
		{1F7617F2-7D23-48A6-B800-64CF0F3E578C}.Debug|Any CPU.ActiveCfg = Debug|Any CPU
		{1F7617F2-7D23-48A6-B800-64CF0F3E578C}.Debug|Any CPU.Build.0 = Debug|Any CPU
		{1F7617F2-7D23-48A6-B800-64CF0F3E578C}.Release|Any CPU.ActiveCfg = Release|Any CPU
		{1F7617F2-7D23-48A6-B800-64CF0F3E578C}.Release|Any CPU.Build.0 = Release|Any CPU
	EndGlobalSection
	GlobalSection(SolutionProperties) = preSolution
		HideSolutionNode = FALSE
	EndGlobalSection
	GlobalSection(ExtensibilityGlobals) = postSolution
		SolutionGuid = {69101EEC-FC2D-450F-A944-DB131F99E06B}
	EndGlobalSection
EndGlobal
